
Microsoft Visual Studio Solution File, Format Version 12.00
# Visual Studio Version 17
VisualStudioVersion = 17.4.33122.133
MinimumVisualStudioVersion = 10.0.40219.1
Project("{FAE04EC0-301F-11D3-BF4B-00C04F79EFBC}") = "ExcelToHtml.Core", "src\ExcelToHtml.Core\ExcelToHtml.Core.csproj", "{3F3D075C-3D0E-4D75-BBE1-9CE10AA541D7}"
EndProject
Project("{FAE04EC0-301F-11D3-BF4B-00C04F79EFBC}") = "Example", "src\Example\Example.csproj", "{ABCC10FB-8028-4666-BDF2-CE2C487698B2}"
EndProject
Global
	GlobalSection(SolutionConfigurationPlatforms) = preSolution
		Debug|Any CPU = Debug|Any CPU
		Release|Any CPU = Release|Any CPU
	EndGlobalSection
	GlobalSection(ProjectConfigurationPlatforms) = postSolution
		{3F3D075C-3D0E-4D75-BBE1-9CE10AA541D7}.Debug|Any CPU.ActiveCfg = Debug|Any CPU
		{3F3D075C-3D0E-4D75-BBE1-9CE10AA541D7}.Debug|Any CPU.Build.0 = Debug|Any CPU
		{3F3D075C-3D0E-4D75-BBE1-9CE10AA541D7}.Release|Any CPU.ActiveCfg = Release|Any CPU
		{3F3D075C-3D0E-4D75-BBE1-9CE10AA541D7}.Release|Any CPU.Build.0 = Release|Any CPU
		{ABCC10FB-8028-4666-BDF2-CE2C487698B2}.Debug|Any CPU.ActiveCfg = Debug|Any CPU
		{ABCC10FB-8028-4666-BDF2-CE2C487698B2}.Debug|Any CPU.Build.0 = Debug|Any CPU
		{ABCC10FB-8028-4666-BDF2-CE2C487698B2}.Release|Any CPU.ActiveCfg = Release|Any CPU
		{ABCC10FB-8028-4666-BDF2-CE2C487698B2}.Release|Any CPU.Build.0 = Release|Any CPU
	EndGlobalSection
	GlobalSection(SolutionProperties) = preSolution
		HideSolutionNode = FALSE
	EndGlobalSection
	GlobalSection(ExtensibilityGlobals) = postSolution
		SolutionGuid = {0DBFCEA2-2FD6-4AF0-A89D-7F978C48FD03}
	EndGlobalSection
EndGlobal
